
Microsoft Visual Studio Solution File, Format Version 12.00
# Visual Studio 14
VisualStudioVersion = 14.0.25420.1
MinimumVisualStudioVersion = 10.0.40219.1
Project("{FAE04EC0-301F-11D3-BF4B-00C04F79EFBC}") = "SALAMI_MUTIU_CCHARP_ASSIGNMENT_1", "SALAMI_MUTIU_CCHARP_ASSIGNMENT_1\SALAMI_MUTIU_CCHARP_ASSIGNMENT_1.csproj", "{035B7CF8-8914-4E0F-95C1-DC0D7FEDDCD6}"
EndProject
Global
	GlobalSection(SolutionConfigurationPlatforms) = preSolution
		Debug|Any CPU = Debug|Any CPU
		Release|Any CPU = Release|Any CPU
	EndGlobalSection
	GlobalSection(ProjectConfigurationPlatforms) = postSolution
		{035B7CF8-8914-4E0F-95C1-DC0D7FEDDCD6}.Debug|Any CPU.ActiveCfg = Debug|Any CPU
		{035B7CF8-8914-4E0F-95C1-DC0D7FEDDCD6}.Debug|Any CPU.Build.0 = Debug|Any CPU
		{035B7CF8-8914-4E0F-95C1-DC0D7FEDDCD6}.Release|Any CPU.ActiveCfg = Release|Any CPU
		{035B7CF8-8914-4E0F-95C1-DC0D7FEDDCD6}.Release|Any CPU.Build.0 = Release|Any CPU
	EndGlobalSection
	GlobalSection(SolutionProperties) = preSolution
		HideSolutionNode = FALSE
	EndGlobalSection
EndGlobal
